
Microsoft Visual Studio Solution File, Format Version 12.00
# Visual Studio 15
VisualStudioVersion = 15.0.26228.48
MinimumVisualStudioVersion = 10.0.40219.1
Project("{2150E333-8FDC-42A3-9474-1A3956D46DE8}") = "1. Csharp Basic and History", "1. Csharp Basic and History", "{F68A7659-E99B-48E9-AF8B-A238A0E550D1}"
EndProject
Project("{2150E333-8FDC-42A3-9474-1A3956D46DE8}") = "All Operators", "All Operators", "{DC6EFEDE-2C1C-4ED8-A284-00F51CEB4C63}"
	ProjectSection(SolutionItems) = preProject
		AndOrXorTrace.txt = AndOrXorTrace.txt
	EndProjectSection
EndProject
Project("{FAE04EC0-301F-11D3-BF4B-00C04F79EFBC}") = "MathOperators", "MathOperators\MathOperators.csproj", "{AF10D823-A523-4A7A-B1AE-4ADA93D5E3C4}"
EndProject
Project("{FAE04EC0-301F-11D3-BF4B-00C04F79EFBC}") = "AssignmentOperators", "AssignmentOperators\AssignmentOperators.csproj", "{F5507C7E-38EB-440B-A075-0A043A45E1FD}"
EndProject
Project("{FAE04EC0-301F-11D3-BF4B-00C04F79EFBC}") = "TernaryOperator", "TernaryOperator\TernaryOperator.csproj", "{5FF2FA34-17AA-48C1-9B45-2962BDBBEED7}"
EndProject
Project("{2150E333-8FDC-42A3-9474-1A3956D46DE8}") = "Flow Controls", "Flow Controls", "{D1A2D3F3-765A-4C3C-A383-118517FD95E5}"
	ProjectSection(SolutionItems) = preProject
		difference between if and switch case.txt = difference between if and switch case.txt
	EndProjectSection
EndProject
Project("{FAE04EC0-301F-11D3-BF4B-00C04F79EFBC}") = "SwitchCaseSample", "SwitchCaseSample\SwitchCaseSample.csproj", "{F10F6C34-79D1-4057-92A8-AB9AC902D721}"
EndProject
Global
	GlobalSection(SolutionConfigurationPlatforms) = preSolution
		Debug|Any CPU = Debug|Any CPU
		Release|Any CPU = Release|Any CPU
	EndGlobalSection
	GlobalSection(ProjectConfigurationPlatforms) = postSolution
		{AF10D823-A523-4A7A-B1AE-4ADA93D5E3C4}.Debug|Any CPU.ActiveCfg = Debug|Any CPU
		{AF10D823-A523-4A7A-B1AE-4ADA93D5E3C4}.Debug|Any CPU.Build.0 = Debug|Any CPU
		{AF10D823-A523-4A7A-B1AE-4ADA93D5E3C4}.Release|Any CPU.ActiveCfg = Release|Any CPU
		{AF10D823-A523-4A7A-B1AE-4ADA93D5E3C4}.Release|Any CPU.Build.0 = Release|Any CPU
		{F5507C7E-38EB-440B-A075-0A043A45E1FD}.Debug|Any CPU.ActiveCfg = Debug|Any CPU
		{F5507C7E-38EB-440B-A075-0A043A45E1FD}.Debug|Any CPU.Build.0 = Debug|Any CPU
		{F5507C7E-38EB-440B-A075-0A043A45E1FD}.Release|Any CPU.ActiveCfg = Release|Any CPU
		{F5507C7E-38EB-440B-A075-0A043A45E1FD}.Release|Any CPU.Build.0 = Release|Any CPU
		{5FF2FA34-17AA-48C1-9B45-2962BDBBEED7}.Debug|Any CPU.ActiveCfg = Debug|Any CPU
		{5FF2FA34-17AA-48C1-9B45-2962BDBBEED7}.Debug|Any CPU.Build.0 = Debug|Any CPU
		{5FF2FA34-17AA-48C1-9B45-2962BDBBEED7}.Release|Any CPU.ActiveCfg = Release|Any CPU
		{5FF2FA34-17AA-48C1-9B45-2962BDBBEED7}.Release|Any CPU.Build.0 = Release|Any CPU
		{F10F6C34-79D1-4057-92A8-AB9AC902D721}.Debug|Any CPU.ActiveCfg = Debug|Any CPU
		{F10F6C34-79D1-4057-92A8-AB9AC902D721}.Debug|Any CPU.Build.0 = Debug|Any CPU
		{F10F6C34-79D1-4057-92A8-AB9AC902D721}.Release|Any CPU.ActiveCfg = Release|Any CPU
		{F10F6C34-79D1-4057-92A8-AB9AC902D721}.Release|Any CPU.Build.0 = Release|Any CPU
	EndGlobalSection
	GlobalSection(SolutionProperties) = preSolution
		HideSolutionNode = FALSE
	EndGlobalSection
	GlobalSection(NestedProjects) = preSolution
		{DC6EFEDE-2C1C-4ED8-A284-00F51CEB4C63} = {F68A7659-E99B-48E9-AF8B-A238A0E550D1}
		{AF10D823-A523-4A7A-B1AE-4ADA93D5E3C4} = {DC6EFEDE-2C1C-4ED8-A284-00F51CEB4C63}
		{F5507C7E-38EB-440B-A075-0A043A45E1FD} = {DC6EFEDE-2C1C-4ED8-A284-00F51CEB4C63}
		{5FF2FA34-17AA-48C1-9B45-2962BDBBEED7} = {DC6EFEDE-2C1C-4ED8-A284-00F51CEB4C63}
		{D1A2D3F3-765A-4C3C-A383-118517FD95E5} = {F68A7659-E99B-48E9-AF8B-A238A0E550D1}
		{F10F6C34-79D1-4057-92A8-AB9AC902D721} = {D1A2D3F3-765A-4C3C-A383-118517FD95E5}
	EndGlobalSection
	GlobalSection(ExtensibilityGlobals) = postSolution
		SolutionGuid = {1F7F03CC-F4D6-40D2-B7E5-D746F7671973}
	EndGlobalSection
EndGlobal
